# This file is generated by running "yarn install" inside your project.
# Manual changes might be lost - proceed with caution!

__metadata:
  version: 8
  cacheKey: 10c0

"@freik/typechk@npm:^0.5.11":
  version: 0.5.11
  resolution: "@freik/typechk@npm:0.5.11"
  checksum: 10c0/98a120e1bada8ac74df3262e7d6a58136f10439fbc195997131d90fb418d4b53edef7e776ef63e0cf18847a593df3f954e0c62048933d4506c45cdeceda79477
  languageName: node
  linkType: hard

"@kwsites/file-exists@npm:^1.1.1":
  version: 1.1.1
  resolution: "@kwsites/file-exists@npm:1.1.1"
  dependencies:
    debug: "npm:^4.1.1"
  checksum: 10c0/39e693239a72ccd8408bb618a0200e4a8d61682057ca7ae2c87668d7e69196e8d7e2c9cde73db6b23b3b0230169a15e5f1bfe086539f4be43e767b2db68e8ee4
  languageName: node
  linkType: hard

"@kwsites/promise-deferred@npm:^1.1.1":
  version: 1.1.1
  resolution: "@kwsites/promise-deferred@npm:1.1.1"
  checksum: 10c0/ef1ad3f1f50991e3bed352b175986d8b4bc684521698514a2ed63c1d1fc9848843da4f2bc2df961c9b148c94e1c34bf33f0da8a90ba2234e452481f2cc9937b1
  languageName: node
  linkType: hard

"@types/node@npm:^20.11.16":
  version: 20.11.16
  resolution: "@types/node@npm:20.11.16"
  dependencies:
    undici-types: "npm:~5.26.4"
  checksum: 10c0/4886b90278e9c877a84efd3edd4667cd990e032d77268d2a798b99ebc1901ea336fa7dfbe9eaf4ad6ad1da9ce2ec31baf300038a3905838692362eb19904ebde
  languageName: node
  linkType: hard

"chevrotain@npm:6.5.0":
  version: 6.5.0
  resolution: "chevrotain@npm:6.5.0"
  dependencies:
    regexp-to-ast: "npm:0.4.0"
  checksum: 10c0/7fa4cf8ac2600f5c08bc4538bb49e0ce88daedbfb9507227251d87e5fa33ab28a39e69418b054299f00809fe9821f32cdebef0c36910b0ee7c15513f98dd609d
  languageName: node
  linkType: hard

"debug@npm:^4.1.1, debug@npm:^4.3.4":
  version: 4.3.4
  resolution: "debug@npm:4.3.4"
  dependencies:
    ms: "npm:2.1.2"
  peerDependenciesMeta:
    supports-color:
      optional: true
  checksum: 10c0/cedbec45298dd5c501d01b92b119cd3faebe5438c3917ff11ae1bff86a6c722930ac9c8659792824013168ba6db7c4668225d845c633fbdafbbf902a6389f736
  languageName: node
  linkType: hard

"ftc-maintenance-sripts@workspace:.":
  version: 0.0.0-use.local
  resolution: "ftc-maintenance-sripts@workspace:."
  dependencies:
    "@freik/typechk": "npm:^0.5.11"
    "@types/node": "npm:^20.11.16"
    java-parser: "npm:^2.2.0"
    prettier: "npm:^3.2.5"
    prettier-plugin-java: "npm:^2.5.0"
    run-script-os: "npm:^1.1.6"
    simple-git: "npm:^3.22.0"
    typescript: "npm:^5.3.3"
  languageName: unknown
  linkType: soft

"java-parser@npm:2.2.0, java-parser@npm:^2.2.0":
  version: 2.2.0
  resolution: "java-parser@npm:2.2.0"
  dependencies:
    chevrotain: "npm:6.5.0"
    lodash: "npm:4.17.21"
  checksum: 10c0/3d1355a47d3ef0335e1f7a1f07924f0fbd97ba11a252399debaa0afa253e5b82d3ca07bf77b3db6a59784c2e03338c01c0fc3c2eb979850830c8270b83ce41ed
  languageName: node
  linkType: hard

"lodash@npm:4.17.21":
  version: 4.17.21
  resolution: "lodash@npm:4.17.21"
  checksum: 10c0/d8cbea072bb08655bb4c989da418994b073a608dffa608b09ac04b43a791b12aeae7cd7ad919aa4c925f33b48490b5cfe6c1f71d827956071dae2e7bb3a6b74c
  languageName: node
  linkType: hard

"ms@npm:2.1.2":
  version: 2.1.2
  resolution: "ms@npm:2.1.2"
  checksum: 10c0/a437714e2f90dbf881b5191d35a6db792efbca5badf112f87b9e1c712aace4b4b9b742dd6537f3edf90fd6f684de897cec230abde57e87883766712ddda297cc
  languageName: node
  linkType: hard

"prettier-plugin-java@npm:^2.5.0":
  version: 2.5.0
  resolution: "prettier-plugin-java@npm:2.5.0"
  dependencies:
    java-parser: "npm:2.2.0"
    lodash: "npm:4.17.21"
    prettier: "npm:3.0.3"
  checksum: 10c0/5f22c4edeb67bfc90e5e2616ea3378048c7cfa1c3aaa2909d287ef1cbf60dc6fb2629ef2a8965074b1baacf140bede38746879f20cbc1313cfe918517d8c5662
  languageName: node
  linkType: hard

"prettier@npm:3.0.3":
  version: 3.0.3
  resolution: "prettier@npm:3.0.3"
  bin:
    prettier: bin/prettier.cjs
  checksum: 10c0/f950887bc03c5b970d8c6dd129364acfbbc61e7b46aec5d5ce17f4adf6404e2ef43072c98b51c4786e0eaca949b307d362a773fd47502862d754b5a328fa2b26
  languageName: node
  linkType: hard

"prettier@npm:^3.2.5":
  version: 3.2.5
  resolution: "prettier@npm:3.2.5"
  bin:
    prettier: bin/prettier.cjs
  checksum: 10c0/ea327f37a7d46f2324a34ad35292af2ad4c4c3c3355da07313339d7e554320f66f65f91e856add8530157a733c6c4a897dc41b577056be5c24c40f739f5ee8c6
  languageName: node
  linkType: hard

"regexp-to-ast@npm:0.4.0":
  version: 0.4.0
  resolution: "regexp-to-ast@npm:0.4.0"
  checksum: 10c0/56b7148be88ea553e648f5ebba486c951f4c044723e5e34360786c8b5cf0b2a2315b0f145143fb3afe1699b8e44d9586bd1a977693109f7d7ae230d62fa74b61
  languageName: node
  linkType: hard

"run-script-os@npm:^1.1.6":
  version: 1.1.6
  resolution: "run-script-os@npm:1.1.6"
  bin:
    run-os: index.js
    run-script-os: index.js
  checksum: 10c0/620e240a650c666bb8e3f5437680d88c522366e6c68d4867300caf6cad010c85ff36a016de2c71010debaf10e968966b2c6aaa8816bab8298381e5620d41d8aa
  languageName: node
  linkType: hard

"simple-git@npm:^3.22.0":
  version: 3.22.0
  resolution: "simple-git@npm:3.22.0"
  dependencies:
    "@kwsites/file-exists": "npm:^1.1.1"
    "@kwsites/promise-deferred": "npm:^1.1.1"
    debug: "npm:^4.3.4"
  checksum: 10c0/cc12f7563e4de82a48c1b2517d5471f699b4e12ff25843d230854b6d8d567ca8ee9d6e6b40aa6aae214e956040563902c9a406e798df03b435fe863b829d0cc5
  languageName: node
  linkType: hard

"typescript@npm:^5.3.3":
  version: 5.3.3
  resolution: "typescript@npm:5.3.3"
  bin:
    tsc: bin/tsc
    tsserver: bin/tsserver
  checksum: 10c0/e33cef99d82573624fc0f854a2980322714986bc35b9cb4d1ce736ed182aeab78e2cb32b385efa493b2a976ef52c53e20d6c6918312353a91850e2b76f1ea44f
  languageName: node
  linkType: hard

"typescript@patch:typescript@npm%3A^5.3.3#optional!builtin<compat/typescript>":
  version: 5.3.3
  resolution: "typescript@patch:typescript@npm%3A5.3.3#optional!builtin<compat/typescript>::version=5.3.3&hash=e012d7"
  bin:
    tsc: bin/tsc
    tsserver: bin/tsserver
  checksum: 10c0/1d0a5f4ce496c42caa9a30e659c467c5686eae15d54b027ee7866744952547f1be1262f2d40de911618c242b510029d51d43ff605dba8fb740ec85ca2d3f9500
  languageName: node
  linkType: hard

"undici-types@npm:~5.26.4":
  version: 5.26.5
  resolution: "undici-types@npm:5.26.5"
  checksum: 10c0/bb673d7876c2d411b6eb6c560e0c571eef4a01c1c19925175d16e3a30c4c428181fb8d7ae802a261f283e4166a0ac435e2f505743aa9e45d893f9a3df017b501
  languageName: node
  linkType: hard
