# This file is generated by running "yarn install" inside your project.
# Manual changes might be lost - proceed with caution!

__metadata:
  version: 8
  cacheKey: 10c0

"@chevrotain/cst-dts-gen@npm:11.0.3":
  version: 11.0.3
  resolution: "@chevrotain/cst-dts-gen@npm:11.0.3"
  dependencies:
    "@chevrotain/gast": "npm:11.0.3"
    "@chevrotain/types": "npm:11.0.3"
    lodash-es: "npm:4.17.21"
  checksum: 10c0/9e945a0611386e4e08af34c2d0b3af36c1af08f726b58145f11310f2aeafcb2d65264c06ec65a32df6b6a65771e6a55be70580c853afe3ceb51487e506967104
  languageName: node
  linkType: hard

"@chevrotain/gast@npm:11.0.3":
  version: 11.0.3
  resolution: "@chevrotain/gast@npm:11.0.3"
  dependencies:
    "@chevrotain/types": "npm:11.0.3"
    lodash-es: "npm:4.17.21"
  checksum: 10c0/54fc44d7b4a7b0323f49d957dd88ad44504922d30cb226d93b430b0e09925efe44e0726068581d777f423fabfb878a2238ed2c87b690c0c0014ebd12b6968354
  languageName: node
  linkType: hard

"@chevrotain/regexp-to-ast@npm:11.0.3":
  version: 11.0.3
  resolution: "@chevrotain/regexp-to-ast@npm:11.0.3"
  checksum: 10c0/6939c5c94fbfb8c559a4a37a283af5ded8e6147b184a7d7bcf5ad1404d9d663c78d81602bd8ea8458ec497358a9e1671541099c511835d0be2cad46f00c62b3f
  languageName: node
  linkType: hard

"@chevrotain/types@npm:11.0.3":
  version: 11.0.3
  resolution: "@chevrotain/types@npm:11.0.3"
  checksum: 10c0/72fe8f0010ebef848e47faea14a88c6fdc3cdbafaef6b13df4a18c7d33249b1b675e37b05cb90a421700c7016dae7cd4187ab6b549e176a81cea434f69cd2503
  languageName: node
  linkType: hard

"@chevrotain/utils@npm:11.0.3":
  version: 11.0.3
  resolution: "@chevrotain/utils@npm:11.0.3"
  checksum: 10c0/b31972d1b2d444eef1499cf9b7576fc1793e8544910de33a3c18e07c270cfad88067f175d0ee63e7bc604713ebed647f8190db45cc8311852cd2d4fe2ef14068
  languageName: node
  linkType: hard

"@freik/containers@npm:^0.2.13":
  version: 0.2.13
  resolution: "@freik/containers@npm:0.2.13"
  dependencies:
    "@freik/helpers": "npm:^0.3.12"
    "@freik/typechk": "npm:^0.5.11"
  checksum: 10c0/5bbead9472a2543cdfc6791a4b2c90a07bbc3f58a932d41673d637d3cd9afaa90be5d11d1c50cac2997b7680eb4ed0286d6c2e8c18af3f122122be1a70272937
  languageName: node
  linkType: hard

"@freik/helpers@npm:^0.3.12":
  version: 0.3.12
  resolution: "@freik/helpers@npm:0.3.12"
  dependencies:
    "@freik/typechk": "npm:^0.5.11"
  checksum: 10c0/2ecb26fcd11601536547e1261adef45da0e4a50c7949a97721ac1e6f8ec0bb2bb2d1a61d9a4155277389841c082657da075117f290f23d4781c21df5569f5f28
  languageName: node
  linkType: hard

"@freik/typechk@npm:^0.5.11":
  version: 0.5.11
  resolution: "@freik/typechk@npm:0.5.11"
  checksum: 10c0/98a120e1bada8ac74df3262e7d6a58136f10439fbc195997131d90fb418d4b53edef7e776ef63e0cf18847a593df3f954e0c62048933d4506c45cdeceda79477
  languageName: node
  linkType: hard

"@kwsites/file-exists@npm:^1.1.1":
  version: 1.1.1
  resolution: "@kwsites/file-exists@npm:1.1.1"
  dependencies:
    debug: "npm:^4.1.1"
  checksum: 10c0/39e693239a72ccd8408bb618a0200e4a8d61682057ca7ae2c87668d7e69196e8d7e2c9cde73db6b23b3b0230169a15e5f1bfe086539f4be43e767b2db68e8ee4
  languageName: node
  linkType: hard

"@kwsites/promise-deferred@npm:^1.1.1":
  version: 1.1.1
  resolution: "@kwsites/promise-deferred@npm:1.1.1"
  checksum: 10c0/ef1ad3f1f50991e3bed352b175986d8b4bc684521698514a2ed63c1d1fc9848843da4f2bc2df961c9b148c94e1c34bf33f0da8a90ba2234e452481f2cc9937b1
  languageName: node
  linkType: hard

"@types/node@npm:^20.14.6":
  version: 20.14.6
  resolution: "@types/node@npm:20.14.6"
  dependencies:
    undici-types: "npm:~5.26.4"
  checksum: 10c0/22640f0eb2a955872e4529a93be1b719f67b527b80fdab51419756d20e21b5ce0f4ccbee9a3e2ff20e5def647f77baf77b4b0434ff8896791c102165ec0c3e48
  languageName: node
  linkType: hard

"chevrotain-allstar@npm:0.3.1":
  version: 0.3.1
  resolution: "chevrotain-allstar@npm:0.3.1"
  dependencies:
    lodash-es: "npm:^4.17.21"
  peerDependencies:
    chevrotain: ^11.0.0
  checksum: 10c0/5cadedffd3114eb06b15fd3939bb1aa6c75412dbd737fe302b52c5c24334f9cb01cee8edc1d1067d98ba80dddf971f1d0e94b387de51423fc6cf3c5d8b7ef27a
  languageName: node
  linkType: hard

"chevrotain@npm:11.0.3":
  version: 11.0.3
  resolution: "chevrotain@npm:11.0.3"
  dependencies:
    "@chevrotain/cst-dts-gen": "npm:11.0.3"
    "@chevrotain/gast": "npm:11.0.3"
    "@chevrotain/regexp-to-ast": "npm:11.0.3"
    "@chevrotain/types": "npm:11.0.3"
    "@chevrotain/utils": "npm:11.0.3"
    lodash-es: "npm:4.17.21"
  checksum: 10c0/ffd425fa321e3f17e9833d7f44cd39f2743f066e92ca74b226176080ca5d455f853fe9091cdfd86354bd899d85c08b3bdc3f55b267e7d07124b048a88349765f
  languageName: node
  linkType: hard

"debug@npm:^4.1.1, debug@npm:^4.3.5":
  version: 4.3.5
  resolution: "debug@npm:4.3.5"
  dependencies:
    ms: "npm:2.1.2"
  peerDependenciesMeta:
    supports-color:
      optional: true
  checksum: 10c0/082c375a2bdc4f4469c99f325ff458adad62a3fc2c482d59923c260cb08152f34e2659f72b3767db8bb2f21ca81a60a42d1019605a412132d7b9f59363a005cc
  languageName: node
  linkType: hard

"ftc-maintenance-sripts@workspace:.":
  version: 0.0.0-use.local
  resolution: "ftc-maintenance-sripts@workspace:."
  dependencies:
    "@freik/containers": "npm:^0.2.13"
    "@freik/typechk": "npm:^0.5.11"
    "@types/node": "npm:^20.14.6"
    java-parser: "npm:^2.3.0"
    prettier: "npm:^3.3.2"
    prettier-plugin-java: "npm:^2.6.0"
    run-script-os: "npm:^1.1.6"
    simple-git: "npm:^3.25.0"
    typescript: "npm:^5.4.5"
  dependenciesMeta:
    prettier-plugin-java@2.6.0:
      unplugged: true
  languageName: unknown
  linkType: soft

"java-parser@npm:2.3.0, java-parser@npm:^2.3.0":
  version: 2.3.0
  resolution: "java-parser@npm:2.3.0"
  dependencies:
    chevrotain: "npm:11.0.3"
    chevrotain-allstar: "npm:0.3.1"
    lodash: "npm:4.17.21"
  checksum: 10c0/2b2760c68c48d0f23ba6c31c87e2ed4f9f6dece9cf021edd9a22b62b34fd0bb234437b8e05c0be44dc94601211e71399e029230c4c80b0713169dc0fa3954e0b
  languageName: node
  linkType: hard

"lodash-es@npm:4.17.21, lodash-es@npm:^4.17.21":
  version: 4.17.21
  resolution: "lodash-es@npm:4.17.21"
  checksum: 10c0/fb407355f7e6cd523a9383e76e6b455321f0f153a6c9625e21a8827d10c54c2a2341bd2ae8d034358b60e07325e1330c14c224ff582d04612a46a4f0479ff2f2
  languageName: node
  linkType: hard

"lodash@npm:4.17.21":
  version: 4.17.21
  resolution: "lodash@npm:4.17.21"
  checksum: 10c0/d8cbea072bb08655bb4c989da418994b073a608dffa608b09ac04b43a791b12aeae7cd7ad919aa4c925f33b48490b5cfe6c1f71d827956071dae2e7bb3a6b74c
  languageName: node
  linkType: hard

"ms@npm:2.1.2":
  version: 2.1.2
  resolution: "ms@npm:2.1.2"
  checksum: 10c0/a437714e2f90dbf881b5191d35a6db792efbca5badf112f87b9e1c712aace4b4b9b742dd6537f3edf90fd6f684de897cec230abde57e87883766712ddda297cc
  languageName: node
  linkType: hard

"prettier-plugin-java@npm:^2.6.0":
  version: 2.6.0
  resolution: "prettier-plugin-java@npm:2.6.0"
  dependencies:
    java-parser: "npm:2.3.0"
    lodash: "npm:4.17.21"
    prettier: "npm:3.2.5"
  checksum: 10c0/8fedc935239b06cf27eb8c1cb91262ae754363ed424ad90fa14e725f5079618bb6c0eb6002147393a871a3f4595c32135fcf418c692a939fdaaa75a6ab497c49
  languageName: node
  linkType: hard

"prettier@npm:3.2.5":
  version: 3.2.5
  resolution: "prettier@npm:3.2.5"
  bin:
    prettier: bin/prettier.cjs
  checksum: 10c0/ea327f37a7d46f2324a34ad35292af2ad4c4c3c3355da07313339d7e554320f66f65f91e856add8530157a733c6c4a897dc41b577056be5c24c40f739f5ee8c6
  languageName: node
  linkType: hard

"prettier@npm:^3.3.2":
  version: 3.3.2
  resolution: "prettier@npm:3.3.2"
  bin:
    prettier: bin/prettier.cjs
  checksum: 10c0/39ed27d17f0238da6dd6571d63026566bd790d3d0edac57c285fbab525982060c8f1e01955fe38134ab10f0951a6076da37f015db8173c02f14bc7f0803a384c
  languageName: node
  linkType: hard

"run-script-os@npm:^1.1.6":
  version: 1.1.6
  resolution: "run-script-os@npm:1.1.6"
  bin:
    run-os: index.js
    run-script-os: index.js
  checksum: 10c0/620e240a650c666bb8e3f5437680d88c522366e6c68d4867300caf6cad010c85ff36a016de2c71010debaf10e968966b2c6aaa8816bab8298381e5620d41d8aa
  languageName: node
  linkType: hard

"simple-git@npm:^3.25.0":
  version: 3.25.0
  resolution: "simple-git@npm:3.25.0"
  dependencies:
    "@kwsites/file-exists": "npm:^1.1.1"
    "@kwsites/promise-deferred": "npm:^1.1.1"
    debug: "npm:^4.3.5"
  checksum: 10c0/2087dddac041eac6330cbb7fafea21f3e45786ea54e50ae07a49ba6a7134298e12727e5e4b6580310b679c7cb4f2a83804c04e7eab247eeabcd48d33b7885e16
  languageName: node
  linkType: hard

"typescript@npm:^5.4.5":
  version: 5.4.5
  resolution: "typescript@npm:5.4.5"
  bin:
    tsc: bin/tsc
    tsserver: bin/tsserver
  checksum: 10c0/2954022ada340fd3d6a9e2b8e534f65d57c92d5f3989a263754a78aba549f7e6529acc1921913560a4b816c46dce7df4a4d29f9f11a3dc0d4213bb76d043251e
  languageName: node
  linkType: hard

"typescript@patch:typescript@npm%3A^5.4.5#optional!builtin<compat/typescript>":
  version: 5.4.5
  resolution: "typescript@patch:typescript@npm%3A5.4.5#optional!builtin<compat/typescript>::version=5.4.5&hash=5adc0c"
  bin:
    tsc: bin/tsc
    tsserver: bin/tsserver
  checksum: 10c0/db2ad2a16ca829f50427eeb1da155e7a45e598eec7b086d8b4e8ba44e5a235f758e606d681c66992230d3fc3b8995865e5fd0b22a2c95486d0b3200f83072ec9
  languageName: node
  linkType: hard

"undici-types@npm:~5.26.4":
  version: 5.26.5
  resolution: "undici-types@npm:5.26.5"
  checksum: 10c0/bb673d7876c2d411b6eb6c560e0c571eef4a01c1c19925175d16e3a30c4c428181fb8d7ae802a261f283e4166a0ac435e2f505743aa9e45d893f9a3df017b501
  languageName: node
  linkType: hard
